
Microsoft Visual Studio Solution File, Format Version 11.00
# Visual Studio 2010
Project("{FAE04EC0-301F-11D3-BF4B-00C04F79EFBC}") = "AdminSystem", "AdminSystem.csproj", "{455E86F4-E332-4E73-B4C3-D153CFD66433}"
EndProject
Project("{FAE04EC0-301F-11D3-BF4B-00C04F79EFBC}") = "ControlLibrary", "..\..\classes\ControlLibrary\ControlLibrary.csproj", "{2ECFB22D-9C2E-4D08-B3B3-89734C864B77}"
EndProject
Project("{FAE04EC0-301F-11D3-BF4B-00C04F79EFBC}") = "mjjames.core", "..\..\classes\mjjames.core\mjjames.core\mjjames.core.csproj", "{B8488B6E-F1E4-4C64-A39D-5C853169DCE5}"
EndProject
Project("{FAE04EC0-301F-11D3-BF4B-00C04F79EFBC}") = "Imaging", "..\..\classes\Imaging\Imaging.csproj", "{0DC543BE-B98F-4D32-BCFB-C65BACAAF347}"
EndProject
Project("{E24C65DC-7377-472B-9ABA-BC803B73C61A}") = "oldroan", "..\..\..\WebSites\oldroan\", "{D671ACEE-7075-43C2-82B5-733CD1450F1A}"
	ProjectSection(WebsiteProperties) = preProject
		TargetFrameworkMoniker = ".NETFramework,Version%3Dv3.5"
		Debug.AspNetCompiler.VirtualPath = "/oldroan"
		Debug.AspNetCompiler.PhysicalPath = "..\..\..\WebSites\oldroan\"
		Debug.AspNetCompiler.TargetPath = "PrecompiledWeb\oldroan\"
		Debug.AspNetCompiler.Updateable = "true"
		Debug.AspNetCompiler.ForceOverwrite = "true"
		Debug.AspNetCompiler.FixedNames = "false"
		Debug.AspNetCompiler.Debug = "True"
		Release.AspNetCompiler.VirtualPath = "/oldroan"
		Release.AspNetCompiler.PhysicalPath = "..\..\..\WebSites\oldroan\"
		Release.AspNetCompiler.TargetPath = "PrecompiledWeb\oldroan\"
		Release.AspNetCompiler.Updateable = "true"
		Release.AspNetCompiler.ForceOverwrite = "true"
		Release.AspNetCompiler.FixedNames = "false"
		Release.AspNetCompiler.Debug = "False"
		VWDPort = "49656"
	EndProjectSection
EndProject
Global
	GlobalSection(SolutionConfigurationPlatforms) = preSolution
		Debug|Any CPU = Debug|Any CPU
		Release|Any CPU = Release|Any CPU
	EndGlobalSection
	GlobalSection(ProjectConfigurationPlatforms) = postSolution
		{455E86F4-E332-4E73-B4C3-D153CFD66433}.Debug|Any CPU.ActiveCfg = Debug|Any CPU
		{455E86F4-E332-4E73-B4C3-D153CFD66433}.Debug|Any CPU.Build.0 = Debug|Any CPU
		{455E86F4-E332-4E73-B4C3-D153CFD66433}.Release|Any CPU.ActiveCfg = Release|Any CPU
		{455E86F4-E332-4E73-B4C3-D153CFD66433}.Release|Any CPU.Build.0 = Release|Any CPU
		{2ECFB22D-9C2E-4D08-B3B3-89734C864B77}.Debug|Any CPU.ActiveCfg = Debug|Any CPU
		{2ECFB22D-9C2E-4D08-B3B3-89734C864B77}.Debug|Any CPU.Build.0 = Debug|Any CPU
		{2ECFB22D-9C2E-4D08-B3B3-89734C864B77}.Release|Any CPU.ActiveCfg = Release|Any CPU
		{2ECFB22D-9C2E-4D08-B3B3-89734C864B77}.Release|Any CPU.Build.0 = Release|Any CPU
		{B8488B6E-F1E4-4C64-A39D-5C853169DCE5}.Debug|Any CPU.ActiveCfg = Debug|Any CPU
		{B8488B6E-F1E4-4C64-A39D-5C853169DCE5}.Debug|Any CPU.Build.0 = Debug|Any CPU
		{B8488B6E-F1E4-4C64-A39D-5C853169DCE5}.Release|Any CPU.ActiveCfg = Release|Any CPU
		{B8488B6E-F1E4-4C64-A39D-5C853169DCE5}.Release|Any CPU.Build.0 = Release|Any CPU
		{0DC543BE-B98F-4D32-BCFB-C65BACAAF347}.Debug|Any CPU.ActiveCfg = Debug|Any CPU
		{0DC543BE-B98F-4D32-BCFB-C65BACAAF347}.Debug|Any CPU.Build.0 = Debug|Any CPU
		{0DC543BE-B98F-4D32-BCFB-C65BACAAF347}.Release|Any CPU.ActiveCfg = Release|Any CPU
		{0DC543BE-B98F-4D32-BCFB-C65BACAAF347}.Release|Any CPU.Build.0 = Release|Any CPU
		{D671ACEE-7075-43C2-82B5-733CD1450F1A}.Debug|Any CPU.ActiveCfg = Debug|Any CPU
		{D671ACEE-7075-43C2-82B5-733CD1450F1A}.Release|Any CPU.ActiveCfg = Debug|Any CPU
	EndGlobalSection
	GlobalSection(SolutionProperties) = preSolution
		HideSolutionNode = FALSE
	EndGlobalSection
EndGlobal
