
Microsoft Visual Studio Solution File, Format Version 11.00
# Visual Studio 2010
Project("{FAE04EC0-301F-11D3-BF4B-00C04F79EFBC}") = "AdminSystem", "AdminSystem.csproj", "{455E86F4-E332-4E73-B4C3-D153CFD66433}"
EndProject
Project("{E24C65DC-7377-472B-9ABA-BC803B73C61A}") = "multisite", "..\..\..\..\WebSites\abellandscapes\multisite\", "{A8C701DD-FB16-4657-96F4-841134D78DEC}"
	ProjectSection(WebsiteProperties) = preProject
		TargetFrameworkMoniker = ".NETFramework,Version%3Dv3.5"
		ProjectReferences = "{529D134F-62D6-4460-AA52-D040DDA97257}|mjjames.ErrorCatcher.dll;{0DC543BE-B98F-4D32-BCFB-C65BACAAF347}|mjjames.Imaging.dll;{B8488B6E-F1E4-4C64-A39D-5C853169DCE5}|mjjames.core.dll;{2ECFB22D-9C2E-4D08-B3B3-89734C864B77}|mjjames.ControlLibrary.dll;{8F8548D1-8026-4BC2-A0BF-31E8E378C4E3}|BugzScoutAppender.dll;{5F5502C7-7492-4AF4-84E9-CCFF180AD743}|com.flajaxian.FileUploader.dll;"
		Debug.AspNetCompiler.VirtualPath = "/multisite"
		Debug.AspNetCompiler.PhysicalPath = "..\..\..\..\WebSites\abellandscapes\multisite\"
		Debug.AspNetCompiler.TargetPath = "PrecompiledWeb\multisite\"
		Debug.AspNetCompiler.Updateable = "true"
		Debug.AspNetCompiler.ForceOverwrite = "true"
		Debug.AspNetCompiler.FixedNames = "false"
		Debug.AspNetCompiler.Debug = "True"
		Release.AspNetCompiler.VirtualPath = "/multisite"
		Release.AspNetCompiler.PhysicalPath = "..\..\..\..\WebSites\abellandscapes\multisite\"
		Release.AspNetCompiler.TargetPath = "PrecompiledWeb\multisite\"
		Release.AspNetCompiler.Updateable = "true"
		Release.AspNetCompiler.ForceOverwrite = "true"
		Release.AspNetCompiler.FixedNames = "false"
		Release.AspNetCompiler.Debug = "False"
	EndProjectSection
EndProject
Project("{FAE04EC0-301F-11D3-BF4B-00C04F79EFBC}") = "Imaging", "..\..\..\classes\Imaging\Imaging.csproj", "{0DC543BE-B98F-4D32-BCFB-C65BACAAF347}"
EndProject
Project("{FAE04EC0-301F-11D3-BF4B-00C04F79EFBC}") = "mjjames.core", "..\..\..\classes\mjjames.core\mjjames.core\mjjames.core.csproj", "{B8488B6E-F1E4-4C64-A39D-5C853169DCE5}"
EndProject
Project("{FAE04EC0-301F-11D3-BF4B-00C04F79EFBC}") = "ErrorCatcher", "..\..\..\classes\ErrorCatcher\ErrorCatcher\ErrorCatcher.csproj", "{529D134F-62D6-4460-AA52-D040DDA97257}"
EndProject
Project("{FAE04EC0-301F-11D3-BF4B-00C04F79EFBC}") = "mjjames.HttpModules", "..\..\..\classes\mjjames.HttpModules\mjjames.HttpModules\mjjames.HttpModules.csproj", "{449FC741-EF50-42FC-850E-B181501FFF83}"
EndProject
Project("{FAE04EC0-301F-11D3-BF4B-00C04F79EFBC}") = "mjjames.ControlLibrary", "..\..\..\classes\ControlLibrary\mjjames.ControlLibrary.csproj", "{2ECFB22D-9C2E-4D08-B3B3-89734C864B77}"
EndProject
Project("{FAE04EC0-301F-11D3-BF4B-00C04F79EFBC}") = "BugzScoutAppender", "..\..\..\..\Resources\BugzScoutAppender\src\BugzScoutAppender.csproj", "{8F8548D1-8026-4BC2-A0BF-31E8E378C4E3}"
EndProject
Project("{FAE04EC0-301F-11D3-BF4B-00C04F79EFBC}") = "com.flajaxian.FileUploader", "..\..\..\..\Resources\FlajaxianFileUpload\com.flajaxian.FileUploader.csproj", "{5F5502C7-7492-4AF4-84E9-CCFF180AD743}"
EndProject
Global
	GlobalSection(SolutionConfigurationPlatforms) = preSolution
		Debug|Any CPU = Debug|Any CPU
		non multi site Debug Mode|Any CPU = non multi site Debug Mode|Any CPU
		Release|Any CPU = Release|Any CPU
	EndGlobalSection
	GlobalSection(ProjectConfigurationPlatforms) = postSolution
		{455E86F4-E332-4E73-B4C3-D153CFD66433}.Debug|Any CPU.ActiveCfg = Debug|Any CPU
		{455E86F4-E332-4E73-B4C3-D153CFD66433}.Debug|Any CPU.Build.0 = Debug|Any CPU
		{455E86F4-E332-4E73-B4C3-D153CFD66433}.non multi site Debug Mode|Any CPU.ActiveCfg = Debug|Any CPU
		{455E86F4-E332-4E73-B4C3-D153CFD66433}.non multi site Debug Mode|Any CPU.Build.0 = Debug|Any CPU
		{455E86F4-E332-4E73-B4C3-D153CFD66433}.Release|Any CPU.ActiveCfg = Release|Any CPU
		{455E86F4-E332-4E73-B4C3-D153CFD66433}.Release|Any CPU.Build.0 = Release|Any CPU
		{A8C701DD-FB16-4657-96F4-841134D78DEC}.Debug|Any CPU.ActiveCfg = Debug|Any CPU
		{A8C701DD-FB16-4657-96F4-841134D78DEC}.Debug|Any CPU.Build.0 = Debug|Any CPU
		{A8C701DD-FB16-4657-96F4-841134D78DEC}.non multi site Debug Mode|Any CPU.ActiveCfg = Debug|Any CPU
		{A8C701DD-FB16-4657-96F4-841134D78DEC}.non multi site Debug Mode|Any CPU.Build.0 = Debug|Any CPU
		{A8C701DD-FB16-4657-96F4-841134D78DEC}.Release|Any CPU.ActiveCfg = Debug|Any CPU
		{A8C701DD-FB16-4657-96F4-841134D78DEC}.Release|Any CPU.Build.0 = Debug|Any CPU
		{0DC543BE-B98F-4D32-BCFB-C65BACAAF347}.Debug|Any CPU.ActiveCfg = Debug|Any CPU
		{0DC543BE-B98F-4D32-BCFB-C65BACAAF347}.Debug|Any CPU.Build.0 = Debug|Any CPU
		{0DC543BE-B98F-4D32-BCFB-C65BACAAF347}.non multi site Debug Mode|Any CPU.ActiveCfg = non multi site Debug Mode|Any CPU
		{0DC543BE-B98F-4D32-BCFB-C65BACAAF347}.non multi site Debug Mode|Any CPU.Build.0 = non multi site Debug Mode|Any CPU
		{0DC543BE-B98F-4D32-BCFB-C65BACAAF347}.Release|Any CPU.ActiveCfg = Release|Any CPU
		{0DC543BE-B98F-4D32-BCFB-C65BACAAF347}.Release|Any CPU.Build.0 = Release|Any CPU
		{B8488B6E-F1E4-4C64-A39D-5C853169DCE5}.Debug|Any CPU.ActiveCfg = Debug|Any CPU
		{B8488B6E-F1E4-4C64-A39D-5C853169DCE5}.Debug|Any CPU.Build.0 = Debug|Any CPU
		{B8488B6E-F1E4-4C64-A39D-5C853169DCE5}.non multi site Debug Mode|Any CPU.ActiveCfg = non multi site Debug Mode|Any CPU
		{B8488B6E-F1E4-4C64-A39D-5C853169DCE5}.non multi site Debug Mode|Any CPU.Build.0 = non multi site Debug Mode|Any CPU
		{B8488B6E-F1E4-4C64-A39D-5C853169DCE5}.Release|Any CPU.ActiveCfg = Release|Any CPU
		{B8488B6E-F1E4-4C64-A39D-5C853169DCE5}.Release|Any CPU.Build.0 = Release|Any CPU
		{529D134F-62D6-4460-AA52-D040DDA97257}.Debug|Any CPU.ActiveCfg = Debug|Any CPU
		{529D134F-62D6-4460-AA52-D040DDA97257}.non multi site Debug Mode|Any CPU.ActiveCfg = non multi site Debug Mode|Any CPU
		{529D134F-62D6-4460-AA52-D040DDA97257}.non multi site Debug Mode|Any CPU.Build.0 = non multi site Debug Mode|Any CPU
		{529D134F-62D6-4460-AA52-D040DDA97257}.Release|Any CPU.ActiveCfg = Release|Any CPU
		{529D134F-62D6-4460-AA52-D040DDA97257}.Release|Any CPU.Build.0 = Release|Any CPU
		{449FC741-EF50-42FC-850E-B181501FFF83}.Debug|Any CPU.ActiveCfg = Debug|Any CPU
		{449FC741-EF50-42FC-850E-B181501FFF83}.Debug|Any CPU.Build.0 = Debug|Any CPU
		{449FC741-EF50-42FC-850E-B181501FFF83}.non multi site Debug Mode|Any CPU.ActiveCfg = non multi site Debug Mode|Any CPU
		{449FC741-EF50-42FC-850E-B181501FFF83}.non multi site Debug Mode|Any CPU.Build.0 = non multi site Debug Mode|Any CPU
		{449FC741-EF50-42FC-850E-B181501FFF83}.Release|Any CPU.ActiveCfg = Release|Any CPU
		{449FC741-EF50-42FC-850E-B181501FFF83}.Release|Any CPU.Build.0 = Release|Any CPU
		{2ECFB22D-9C2E-4D08-B3B3-89734C864B77}.Debug|Any CPU.ActiveCfg = Debug|Any CPU
		{2ECFB22D-9C2E-4D08-B3B3-89734C864B77}.Debug|Any CPU.Build.0 = Debug|Any CPU
		{2ECFB22D-9C2E-4D08-B3B3-89734C864B77}.non multi site Debug Mode|Any CPU.ActiveCfg = non multi site Debug Mode|Any CPU
		{2ECFB22D-9C2E-4D08-B3B3-89734C864B77}.non multi site Debug Mode|Any CPU.Build.0 = non multi site Debug Mode|Any CPU
		{2ECFB22D-9C2E-4D08-B3B3-89734C864B77}.Release|Any CPU.ActiveCfg = Release|Any CPU
		{2ECFB22D-9C2E-4D08-B3B3-89734C864B77}.Release|Any CPU.Build.0 = Release|Any CPU
		{8F8548D1-8026-4BC2-A0BF-31E8E378C4E3}.Debug|Any CPU.ActiveCfg = Debug|Any CPU
		{8F8548D1-8026-4BC2-A0BF-31E8E378C4E3}.Debug|Any CPU.Build.0 = Debug|Any CPU
		{8F8548D1-8026-4BC2-A0BF-31E8E378C4E3}.non multi site Debug Mode|Any CPU.ActiveCfg = Debug|Any CPU
		{8F8548D1-8026-4BC2-A0BF-31E8E378C4E3}.non multi site Debug Mode|Any CPU.Build.0 = Debug|Any CPU
		{8F8548D1-8026-4BC2-A0BF-31E8E378C4E3}.Release|Any CPU.ActiveCfg = Release|Any CPU
		{8F8548D1-8026-4BC2-A0BF-31E8E378C4E3}.Release|Any CPU.Build.0 = Release|Any CPU
		{5F5502C7-7492-4AF4-84E9-CCFF180AD743}.Debug|Any CPU.ActiveCfg = Debug|Any CPU
		{5F5502C7-7492-4AF4-84E9-CCFF180AD743}.Debug|Any CPU.Build.0 = Debug|Any CPU
		{5F5502C7-7492-4AF4-84E9-CCFF180AD743}.non multi site Debug Mode|Any CPU.ActiveCfg = Debug|Any CPU
		{5F5502C7-7492-4AF4-84E9-CCFF180AD743}.non multi site Debug Mode|Any CPU.Build.0 = Debug|Any CPU
		{5F5502C7-7492-4AF4-84E9-CCFF180AD743}.Release|Any CPU.ActiveCfg = Release|Any CPU
		{5F5502C7-7492-4AF4-84E9-CCFF180AD743}.Release|Any CPU.Build.0 = Release|Any CPU
	EndGlobalSection
	GlobalSection(SolutionProperties) = preSolution
		HideSolutionNode = FALSE
	EndGlobalSection
	GlobalSection(SpecExplorer.ActivityCompletionStatus) = preSolution
		SpecExplorer.ActivityCompletionStatus = 
	EndGlobalSection
EndGlobal
